
Microsoft Visual Studio Solution File, Format Version 12.00
# Visual Studio 2012
Project("{D954291E-2A0B-460D-934E-DC6B0785DB48}") = "TextToSpeech", "TextToSpeech\TextToSpeech.shproj", "{F703256C-7CAA-4D6E-AE6E-9A399856219C}"
EndProject
Project("{FAE04EC0-301F-11D3-BF4B-00C04F79EFBC}") = "TextToSpeech.iOS", "iOS\TextToSpeech.iOS.csproj", "{4A258CED-21AA-4697-B1EE-2D5138C53D76}"
EndProject
Project("{FAE04EC0-301F-11D3-BF4B-00C04F79EFBC}") = "TextToSpeech.Droid", "Droid\TextToSpeech.Droid.csproj", "{9F502DEF-4CE2-4C52-BE55-901BAA6409DF}"
EndProject
Global
	GlobalSection(SolutionConfigurationPlatforms) = preSolution
		Debug|iPhoneSimulator = Debug|iPhoneSimulator
		Release|iPhone = Release|iPhone
		Release|iPhoneSimulator = Release|iPhoneSimulator
		Debug|iPhone = Debug|iPhone
		Debug|Any CPU = Debug|Any CPU
		Release|Any CPU = Release|Any CPU
	EndGlobalSection
	GlobalSection(ProjectConfigurationPlatforms) = postSolution
		{4A258CED-21AA-4697-B1EE-2D5138C53D76}.Debug|iPhoneSimulator.ActiveCfg = Debug|iPhoneSimulator
		{4A258CED-21AA-4697-B1EE-2D5138C53D76}.Debug|iPhoneSimulator.Build.0 = Debug|iPhoneSimulator
		{4A258CED-21AA-4697-B1EE-2D5138C53D76}.Release|iPhone.ActiveCfg = Release|iPhone
		{4A258CED-21AA-4697-B1EE-2D5138C53D76}.Release|iPhone.Build.0 = Release|iPhone
		{4A258CED-21AA-4697-B1EE-2D5138C53D76}.Release|iPhoneSimulator.ActiveCfg = Release|iPhoneSimulator
		{4A258CED-21AA-4697-B1EE-2D5138C53D76}.Release|iPhoneSimulator.Build.0 = Release|iPhoneSimulator
		{4A258CED-21AA-4697-B1EE-2D5138C53D76}.Debug|iPhone.ActiveCfg = Debug|iPhone
		{4A258CED-21AA-4697-B1EE-2D5138C53D76}.Debug|iPhone.Build.0 = Debug|iPhone
		{4A258CED-21AA-4697-B1EE-2D5138C53D76}.Debug|Any CPU.ActiveCfg = Debug|iPhoneSimulator
		{4A258CED-21AA-4697-B1EE-2D5138C53D76}.Debug|Any CPU.Build.0 = Debug|iPhoneSimulator
		{4A258CED-21AA-4697-B1EE-2D5138C53D76}.Release|Any CPU.ActiveCfg = Release|iPhone
		{4A258CED-21AA-4697-B1EE-2D5138C53D76}.Release|Any CPU.Build.0 = Release|iPhone
		{9F502DEF-4CE2-4C52-BE55-901BAA6409DF}.Debug|iPhoneSimulator.ActiveCfg = Debug|Any CPU
		{9F502DEF-4CE2-4C52-BE55-901BAA6409DF}.Debug|iPhoneSimulator.Build.0 = Debug|Any CPU
		{9F502DEF-4CE2-4C52-BE55-901BAA6409DF}.Release|iPhone.ActiveCfg = Release|Any CPU
		{9F502DEF-4CE2-4C52-BE55-901BAA6409DF}.Release|iPhone.Build.0 = Release|Any CPU
		{9F502DEF-4CE2-4C52-BE55-901BAA6409DF}.Release|iPhoneSimulator.ActiveCfg = Release|Any CPU
		{9F502DEF-4CE2-4C52-BE55-901BAA6409DF}.Release|iPhoneSimulator.Build.0 = Release|Any CPU
		{9F502DEF-4CE2-4C52-BE55-901BAA6409DF}.Debug|iPhone.ActiveCfg = Debug|Any CPU
		{9F502DEF-4CE2-4C52-BE55-901BAA6409DF}.Debug|iPhone.Build.0 = Debug|Any CPU
		{9F502DEF-4CE2-4C52-BE55-901BAA6409DF}.Debug|Any CPU.ActiveCfg = Debug|Any CPU
		{9F502DEF-4CE2-4C52-BE55-901BAA6409DF}.Debug|Any CPU.Build.0 = Debug|Any CPU
		{9F502DEF-4CE2-4C52-BE55-901BAA6409DF}.Release|Any CPU.ActiveCfg = Release|Any CPU
		{9F502DEF-4CE2-4C52-BE55-901BAA6409DF}.Release|Any CPU.Build.0 = Release|Any CPU
	EndGlobalSection
EndGlobal
